
Microsoft Visual Studio Solution File, Format Version 12.00
# Visual Studio Version 17
VisualStudioVersion = 17.6.33801.468
MinimumVisualStudioVersion = 10.0.40219.1
Project("{FAE04EC0-301F-11D3-BF4B-00C04F79EFBC}") = "ConsoleApp_Module13_Task1", "ConsoleApp_Module13_Task1.csproj", "{29A3C5E7-3955-4EC6-A0C8-274E6E0F1850}"
EndProject
Global
	GlobalSection(SolutionConfigurationPlatforms) = preSolution
		Debug|Any CPU = Debug|Any CPU
		Release|Any CPU = Release|Any CPU
	EndGlobalSection
	GlobalSection(ProjectConfigurationPlatforms) = postSolution
		{29A3C5E7-3955-4EC6-A0C8-274E6E0F1850}.Debug|Any CPU.ActiveCfg = Debug|Any CPU
		{29A3C5E7-3955-4EC6-A0C8-274E6E0F1850}.Debug|Any CPU.Build.0 = Debug|Any CPU
		{29A3C5E7-3955-4EC6-A0C8-274E6E0F1850}.Release|Any CPU.ActiveCfg = Release|Any CPU
		{29A3C5E7-3955-4EC6-A0C8-274E6E0F1850}.Release|Any CPU.Build.0 = Release|Any CPU
	EndGlobalSection
	GlobalSection(SolutionProperties) = preSolution
		HideSolutionNode = FALSE
	EndGlobalSection
	GlobalSection(ExtensibilityGlobals) = postSolution
		SolutionGuid = {8A7DF486-A0AD-45F5-99EF-9B2AEAE79DCD}
	EndGlobalSection
EndGlobal
